lockfileVersion: '9.0'

settings:
  autoInstallPeers: true
  excludeLinksFromLockfile: false

importers:

  .:
    dependencies:
      '@ant-design/icons':
        specifier: ^5.5.2
        version: 5.5.2(react-dom@19.0.0(react@19.0.0))(react@19.0.0)
      antd:
        specifier: ^5.23.1
        version: 5.23.1(react-dom@19.0.0(react@19.0.0))(react@19.0.0)
      immer:
        specifier: ^10.1.1
        version: 10.1.1
      react:
        specifier: ^19.0.0
        version: 19.0.0
      react-dom:
        specifier: ^19.0.0
        version: 19.0.0(react@19.0.0)
    devDependencies:
      '@rsbuild/core':
        specifier: ^1.1.8
        version: 1.1.13
      '@rsbuild/plugin-react':
        specifier: ^1.0.7
        version: 1.1.0(@rsbuild/core@1.1.13)
      '@types/react':
        specifier: ^19.0.0
        version: 19.0.7
      '@types/react-dom':
        specifier: ^19.0.0
        version: 19.0.3(@types/react@19.0.7)
      typescript:
        specifier: ^5.7.2
        version: 5.7.3

packages:

  '@ant-design/colors@7.2.0':
    resolution: {integrity: sha512-bjTObSnZ9C/O8MB/B4OUtd/q9COomuJAR2SYfhxLyHvCKn4EKwCN3e+fWGMo7H5InAyV0wL17jdE9ALrdOW/6A==}

  '@ant-design/cssinjs-utils@1.1.3':
    resolution: {integrity: sha512-nOoQMLW1l+xR1Co8NFVYiP8pZp3VjIIzqV6D6ShYF2ljtdwWJn5WSsH+7kvCktXL/yhEtWURKOfH5Xz/gzlwsg==}
    peerDependencies:
      react: '>=16.9.0'
      react-dom: '>=16.9.0'

  '@ant-design/cssinjs@1.22.1':
    resolution: {integrity: sha512-SLuXM4wiEE1blOx94iXrkOgseMZHzdr4ngdFu3VVDq6AOWh7rlwqTkMAtJho3EsBF6x/eUGOtK53VZXGQG7+sQ==}
    peerDependencies:
      react: '>=16.0.0'
      react-dom: '>=16.0.0'

  '@ant-design/fast-color@2.0.6':
    resolution: {integrity: sha512-y2217gk4NqL35giHl72o6Zzqji9O7vHh9YmhUVkPtAOpoTCH4uWxo/pr4VE8t0+ChEPs0qo4eJRC5Q1eXWo3vA==}
    engines: {node: '>=8.x'}

  '@ant-design/icons-svg@4.4.2':
    resolution: {integrity: sha512-vHbT+zJEVzllwP+CM+ul7reTEfBR0vgxFe7+lREAsAA7YGsYpboiq2sQNeQeRvh09GfQgs/GyFEvZpJ9cLXpXA==}

  '@ant-design/icons@5.5.2':
    resolution: {integrity: sha512-xc53rjVBl9v2BqFxUjZGti/RfdDeA8/6KYglmInM2PNqSXc/WfuGDTifJI/ZsokJK0aeKvOIbXc9y2g8ILAhEA==}
    engines: {node: '>=8'}
    peerDependencies:
      react: '>=16.0.0'
      react-dom: '>=16.0.0'

  '@ant-design/react-slick@1.1.2':
    resolution: {integrity: sha512-EzlvzE6xQUBrZuuhSAFTdsr4P2bBBHGZwKFemEfq8gIGyIQCxalYfZW/T2ORbtQx5rU69o+WycP3exY/7T1hGA==}
    peerDependencies:
      react: '>=16.9.0'

  '@babel/runtime@7.26.0':
    resolution: {integrity: sha512-FDSOghenHTiToteC/QRlv2q3DhPZ/oOXTBoirfWNx1Cx3TMVcGWQtMMmQcSvb/JjpNeGzx8Pq/b4fKEJuWm1sw==}
    engines: {node: '>=6.9.0'}

  '@emotion/hash@0.8.0':
    resolution: {integrity: sha512-kBJtf7PH6aWwZ6fka3zQ0p6SBYzx4fl1LoZXE2RrnYST9Xljm7WfKJrU4g/Xr3Beg72MLrp1AWNUmuYJTL7Cow==}

  '@emotion/unitless@0.7.5':
    resolution: {integrity: sha512-OWORNpfjMsSSUBVrRBVGECkhWcULOAJz9ZW8uK9qgxD+87M7jHRcvh/A96XXNhXTLmKcoYSQtBEX7lHMO7YRwg==}

  '@module-federation/runtime-tools@0.5.1':
    resolution: {integrity: sha512-nfBedkoZ3/SWyO0hnmaxuz0R0iGPSikHZOAZ0N/dVSQaIzlffUo35B5nlC2wgWIc0JdMZfkwkjZRrnuuDIJbzg==}

  '@module-federation/runtime@0.5.1':
    resolution: {integrity: sha512-xgiMUWwGLWDrvZc9JibuEbXIbhXg6z2oUkemogSvQ4LKvrl/n0kbqP1Blk669mXzyWbqtSp6PpvNdwaE1aN5xQ==}

  '@module-federation/sdk@0.5.1':
    resolution: {integrity: sha512-exvchtjNURJJkpqjQ3/opdbfeT2wPKvrbnGnyRkrwW5o3FH1LaST1tkiNviT6OXTexGaVc2DahbdniQHVtQ7pA==}

  '@module-federation/webpack-bundler-runtime@0.5.1':
    resolution: {integrity: sha512-mMhRFH0k2VjwHt3Jol9JkUsmI/4XlrAoBG3E0o7HoyoPYv1UFOWyqAflfANcUPgbYpvqmyLzDcO+3IT36LXnrA==}

  '@rc-component/async-validator@5.0.4':
    resolution: {integrity: sha512-qgGdcVIF604M9EqjNF0hbUTz42bz/RDtxWdWuU5EQe3hi7M8ob54B6B35rOsvX5eSvIHIzT9iH1R3n+hk3CGfg==}
    engines: {node: '>=14.x'}

  '@rc-component/color-picker@2.0.1':
    resolution: {integrity: sha512-WcZYwAThV/b2GISQ8F+7650r5ZZJ043E57aVBFkQ+kSY4C6wdofXgB0hBx+GPGpIU0Z81eETNoDUJMr7oy/P8Q==}
    peerDependencies:
      react: '>=16.9.0'
      react-dom: '>=16.9.0'

  '@rc-component/context@1.4.0':
    resolution: {integrity: sha512-kFcNxg9oLRMoL3qki0OMxK+7g5mypjgaaJp/pkOis/6rVxma9nJBF/8kCIuTYHUQNr0ii7MxqE33wirPZLJQ2w==}
    peerDependencies:
      react: '>=16.9.0'
      react-dom: '>=16.9.0'

  '@rc-component/mini-decimal@1.1.0':
    resolution: {integrity: sha512-jS4E7T9Li2GuYwI6PyiVXmxTiM6b07rlD9Ge8uGZSCz3WlzcG5ZK7g5bbuKNeZ9pgUuPK/5guV781ujdVpm4HQ==}
    engines: {node: '>=8.x'}

  '@rc-component/mutate-observer@1.1.0':
    resolution: {integrity: sha512-QjrOsDXQusNwGZPf4/qRQasg7UFEj06XiCJ8iuiq/Io7CrHrgVi6Uuetw60WAMG1799v+aM8kyc+1L/GBbHSlw==}
    engines: {node: '>=8.x'}
    peerDependencies:
      react: '>=16.9.0'
      react-dom: '>=16.9.0'

  '@rc-component/portal@1.1.2':
    resolution: {integrity: sha512-6f813C0IsasTZms08kfA8kPAGxbbkYToa8ALaiDIGGECU4i9hj8Plgbx0sNJDrey3EtHO30hmdaxtT0138xZcg==}
    engines: {node: '>=8.x'}
    peerDependencies:
      react: '>=16.9.0'
      react-dom: '>=16.9.0'

  '@rc-component/qrcode@1.0.0':
    resolution: {integrity: sha512-L+rZ4HXP2sJ1gHMGHjsg9jlYBX/SLN2D6OxP9Zn3qgtpMWtO2vUfxVFwiogHpAIqs54FnALxraUy/BCO1yRIgg==}
    engines: {node: '>=8.x'}
    peerDependencies:
      react: '>=16.9.0'
      react-dom: '>=16.9.0'

  '@rc-component/tour@1.15.1':
    resolution: {integrity: sha512-Tr2t7J1DKZUpfJuDZWHxyxWpfmj8EZrqSgyMZ+BCdvKZ6r1UDsfU46M/iWAAFBy961Ssfom2kv5f3UcjIL2CmQ==}
    engines: {node: '>=8.x'}
    peerDependencies:
      react: '>=16.9.0'
      react-dom: '>=16.9.0'

  '@rc-component/trigger@2.2.6':
    resolution: {integrity: sha512-/9zuTnWwhQ3S3WT1T8BubuFTT46kvnXgaERR9f4BTKyn61/wpf/BvbImzYBubzJibU707FxwbKszLlHjcLiv1Q==}
    engines: {node: '>=8.x'}
    peerDependencies:
      react: '>=16.9.0'
      react-dom: '>=16.9.0'

  '@rsbuild/core@1.1.13':
    resolution: {integrity: sha512-XBL2hrin8731W6iTGGL+x3cv07n4vm2D7u6XHRwtQkRfySzAqGx7ThlQLdNX/dJwfsoQrYQuWl/qzaljjXtGtg==}
    engines: {node: '>=16.7.0'}
    hasBin: true

  '@rsbuild/plugin-react@1.1.0':
    resolution: {integrity: sha512-uqdRoV2V91G1XIA14dAmxqYTlTDVf0ktpE7TgwG29oQ2j+DerF1kh29WPHK9HvGE34JTfaBrsme2Zmb6bGD0cw==}
    peerDependencies:
      '@rsbuild/core': 1.x

  '@rspack/binding-darwin-arm64@1.1.8':
    resolution: {integrity: sha512-I7avr471ghQ3LAqKm2fuXuJPLgQ9gffn5Q4nHi8rsukuZUtiLDPfYzK1QuupEp2JXRWM1gG5lIbSUOht3cD6Ug==}
    cpu: [arm64]
    os: [darwin]

  '@rspack/binding-darwin-x64@1.1.8':
    resolution: {integrity: sha512-vfqf/c+mcx8rr1M8LnqKmzDdnrgguflZnjGerBLjNerAc+dcUp3lCvNxRIvZ2TkSZZBW8BpCMgjj3n70CZ4VLQ==}
    cpu: [x64]
    os: [darwin]

  '@rspack/binding-linux-arm64-gnu@1.1.8':
    resolution: {integrity: sha512-lZlO/rAJSeozi+qtVLkGSXfe+riPawCwM4FsrflELfNlvvEXpANwtrdJ+LsaNVXcgvhh50ZX2KicTdmx9G2b6Q==}
    cpu: [arm64]
    os: [linux]
    libc: [glibc]

  '@rspack/binding-linux-arm64-musl@1.1.8':
    resolution: {integrity: sha512-bX7exULSZwy8xtDh6Z65b6sRC4uSxGuyvSLCEKyhmG6AnJkg0gQMxk3hoO0hWnyGEZgdJEn+jEhk0fjl+6ZRAQ==}
    cpu: [arm64]
    os: [linux]
    libc: [musl]

  '@rspack/binding-linux-x64-gnu@1.1.8':
    resolution: {integrity: sha512-2Prw2USgTJ3aLdLExfik8pAwAHbX4MZrACBGEmR7Vbb56kLjC+++fXkciRc50pUDK4JFr1VQ7eNZrJuDR6GG6Q==}
    cpu: [x64]
    os: [linux]
    libc: [glibc]

  '@rspack/binding-linux-x64-musl@1.1.8':
    resolution: {integrity: sha512-bnVGB/mQBKEdzOU/CPmcOE3qEXxGOGGW7/i6iLl2MamVOykJq8fYjL9j86yi6L0r009ja16OgWckykQGc4UqGw==}
    cpu: [x64]
    os: [linux]
    libc: [musl]

  '@rspack/binding-win32-arm64-msvc@1.1.8':
    resolution: {integrity: sha512-u+na3gxhzeksm4xZyAzn1+XWo5a5j7hgWA/KcFPDQ8qQNkRknx4jnQMxVtcZ9pLskAYV4AcOV/AIximx7zvv8A==}
    cpu: [arm64]
    os: [win32]

  '@rspack/binding-win32-ia32-msvc@1.1.8':
    resolution: {integrity: sha512-FijUxym1INd5fFHwVCLuVP8XEAb4Sk1sMwEEQUlugiDra9ZsLaPw4OgPGxbxkD6SB0DeUz9Zq46Xbcf6d3OgfA==}
    cpu: [ia32]
    os: [win32]

  '@rspack/binding-win32-x64-msvc@1.1.8':
    resolution: {integrity: sha512-SBzIcND4qpDt71jlu1MCDxt335tqInT3YID9V4DoQ4t8wgM/uad7EgKOWKTK6vc2RRaOIShfS2XzqjNUxPXh4w==}
    cpu: [x64]
    os: [win32]

  '@rspack/binding@1.1.8':
    resolution: {integrity: sha512-+/JzXx1HctfgPj+XtsCTbRkxiaOfAXGZZLEvs7jgp04WgWRSZ5u97WRCePNPvy+sCfOEH/2zw2ZK36Z7oQRGhQ==}

  '@rspack/core@1.1.8':
    resolution: {integrity: sha512-pcZtcj5iXLCuw9oElTYC47bp/RQADm/MMEb3djHdwJuSlFWfWPQi5QFgJ/lJAxIW9UNHnTFrYtytycfjpuoEcA==}
    engines: {node: '>=16.0.0'}
    peerDependencies:
      '@swc/helpers': '>=0.5.1'
    peerDependenciesMeta:
      '@swc/helpers':
        optional: true

  '@rspack/lite-tapable@1.0.1':
    resolution: {integrity: sha512-VynGOEsVw2s8TAlLf/uESfrgfrq2+rcXB1muPJYBWbsm1Oa6r5qVQhjA5ggM6z/coYPrsVMgovl3Ff7Q7OCp1w==}
    engines: {node: '>=16.0.0'}

  '@rspack/plugin-react-refresh@1.0.1':
    resolution: {integrity: sha512-KSBc3bsr3mrAPViv7w9MpE9KEWm6q87EyRXyHlRfJ9PpQ56NbX9KZ7AXo7jPeECb0q5sfpM2PSEf+syBiMgLSw==}
    peerDependencies:
      react-refresh: '>=0.10.0 <1.0.0'
    peerDependenciesMeta:
      react-refresh:
        optional: true

  '@swc/helpers@0.5.15':
    resolution: {integrity: sha512-JQ5TuMi45Owi4/BIMAJBoSQoOJu12oOk/gADqlcUL9JEdHB8vyjUSsxqeNXnmXHjYKMi2WcYtezGEEhqUI/E2g==}

  '@types/react-dom@19.0.3':
    resolution: {integrity: sha512-0Knk+HJiMP/qOZgMyNFamlIjw9OFCsyC2ZbigmEEyXXixgre6IQpm/4V+r3qH4GC1JPvRJKInw+on2rV6YZLeA==}
    peerDependencies:
      '@types/react': ^19.0.0

  '@types/react@19.0.7':
    resolution: {integrity: sha512-MoFsEJKkAtZCrC1r6CM8U22GzhG7u2Wir8ons/aCKH6MBdD1ibV24zOSSkdZVUKqN5i396zG5VKLYZ3yaUZdLA==}

  antd@5.23.1:
    resolution: {integrity: sha512-rg5xd5LotHw0IRyo/nsiUN/EEV3e+xU4V4UmIb/62hMN9+3APyz1Ohjf17a+fN13jC8sNY1hP1K252SU2Th0xA==}
    peerDependencies:
      react: '>=16.9.0'
      react-dom: '>=16.9.0'

  caniuse-lite@1.0.30001692:
    resolution: {integrity: sha512-A95VKan0kdtrsnMubMKxEKUKImOPSuCpYgxSQBo036P5YYgVIcOYJEgt/txJWqObiRQeISNCfef9nvlQ0vbV7A==}

  classnames@2.5.1:
    resolution: {integrity: sha512-saHYOzhIQs6wy2sVxTM6bUDsQO4F50V9RQ22qBpEdCW+I+/Wmke2HOl6lS6dTpdxVhb88/I6+Hs+438c3lfUow==}

  compute-scroll-into-view@3.1.1:
    resolution: {integrity: sha512-VRhuHOLoKYOy4UbilLbUzbYg93XLjv2PncJC50EuTWPA3gaja1UjBsUP/D/9/juV3vQFr6XBEzn9KCAHdUvOHw==}

  copy-to-clipboard@3.3.3:
    resolution: {integrity: sha512-2KV8NhB5JqC3ky0r9PMCAZKbUHSwtEo4CwCs0KXgruG43gX5PMqDEBbVU4OUzw2MuAWUfsuFmWvEKG5QRfSnJA==}

  core-js@3.39.0:
    resolution: {integrity: sha512-raM0ew0/jJUqkJ0E6e8UDtl+y/7ktFivgWvqw8dNSQeNWoSDLvQ1H/RN3aPXB9tBd4/FhyR4RDPGhsNIMsAn7g==}

  csstype@3.1.3:
    resolution: {integrity: sha512-M1uQkMl8rQK/szD0LNhtqxIPLpimGm8sOBwU7lLnCpSbTyY3yeU1Vc7l4KT5zT4s/yOxHH5O7tIuuLOCnLADRw==}

  dayjs@1.11.13:
    resolution: {integrity: sha512-oaMBel6gjolK862uaPQOVTA7q3TZhuSvuMQAAglQDOWYO9A91IrAOUJEyKVlqJlHE0vq5p5UXxzdPfMH/x6xNg==}

  error-stack-parser@2.1.4:
    resolution: {integrity: sha512-Sk5V6wVazPhq5MhpO+AUxJn5x7XSXGl1R93Vn7i+zS15KDVxQijejNCrz8340/2bgLBjR9GtEG8ZVKONDjcqGQ==}

  html-entities@2.5.2:
    resolution: {integrity: sha512-K//PSRMQk4FZ78Kyau+mZurHn3FH0Vwr+H36eE0rPbeYkRRi9YxceYPhuN60UwWorxyKHhqoAJl2OFKa4BVtaA==}

  immer@10.1.1:
    resolution: {integrity: sha512-s2MPrmjovJcoMaHtx6K11Ra7oD05NT97w1IC5zpMkT6Atjr7H8LjaDd81iIxUYpMKSRRNMJE703M1Fhr/TctHw==}

  json2mq@0.2.0:
    resolution: {integrity: sha512-SzoRg7ux5DWTII9J2qkrZrqV1gt+rTaoufMxEzXbS26Uid0NwaJd123HcoB80TgubEppxxIGdNxCx50fEoEWQA==}

  rc-cascader@3.33.0:
    resolution: {integrity: sha512-JvZrMbKBXIbEDmpIORxqvedY/bck6hGbs3hxdWT8eS9wSQ1P7//lGxbyKjOSyQiVBbgzNWriSe6HoMcZO/+0rQ==}
    peerDependencies:
      react: '>=16.9.0'
      react-dom: '>=16.9.0'

  rc-checkbox@3.5.0:
    resolution: {integrity: sha512-aOAQc3E98HteIIsSqm6Xk2FPKIER6+5vyEFMZfo73TqM+VVAIqOkHoPjgKLqSNtVLWScoaM7vY2ZrGEheI79yg==}
    peerDependencies:
      react: '>=16.9.0'
      react-dom: '>=16.9.0'

  rc-collapse@3.9.0:
    resolution: {integrity: sha512-swDdz4QZ4dFTo4RAUMLL50qP0EY62N2kvmk2We5xYdRwcRn8WcYtuetCJpwpaCbUfUt5+huLpVxhvmnK+PHrkA==}
    peerDependencies:
      react: '>=16.9.0'
      react-dom: '>=16.9.0'

  rc-dialog@9.6.0:
    resolution: {integrity: sha512-ApoVi9Z8PaCQg6FsUzS8yvBEQy0ZL2PkuvAgrmohPkN3okps5WZ5WQWPc1RNuiOKaAYv8B97ACdsFU5LizzCqg==}
    peerDependencies:
      react: '>=16.9.0'
      react-dom: '>=16.9.0'

  rc-drawer@7.2.0:
    resolution: {integrity: sha512-9lOQ7kBekEJRdEpScHvtmEtXnAsy+NGDXiRWc2ZVC7QXAazNVbeT4EraQKYwCME8BJLa8Bxqxvs5swwyOepRwg==}
    peerDependencies:
      react: '>=16.9.0'
      react-dom: '>=16.9.0'

  rc-dropdown@4.2.1:
    resolution: {integrity: sha512-YDAlXsPv3I1n42dv1JpdM7wJ+gSUBfeyPK59ZpBD9jQhK9jVuxpjj3NmWQHOBceA1zEPVX84T2wbdb2SD0UjmA==}
    peerDependencies:
      react: '>=16.11.0'
      react-dom: '>=16.11.0'

  rc-field-form@2.7.0:
    resolution: {integrity: sha512-hgKsCay2taxzVnBPZl+1n4ZondsV78G++XVsMIJCAoioMjlMQR9YwAp7JZDIECzIu2Z66R+f4SFIRrO2DjDNAA==}
    engines: {node: '>=8.x'}
    peerDependencies:
      react: '>=16.9.0'
      react-dom: '>=16.9.0'

  rc-image@7.11.0:
    resolution: {integrity: sha512-aZkTEZXqeqfPZtnSdNUnKQA0N/3MbgR7nUnZ+/4MfSFWPFHZau4p5r5ShaI0KPEMnNjv4kijSCFq/9wtJpwykw==}
    peerDependencies:
      react: '>=16.9.0'
      react-dom: '>=16.9.0'

  rc-input-number@9.4.0:
    resolution: {integrity: sha512-Tiy4DcXcFXAf9wDhN8aUAyMeCLHJUHA/VA/t7Hj8ZEx5ETvxG7MArDOSE6psbiSCo+vJPm4E3fGN710ITVn6GA==}
    peerDependencies:
      react: '>=16.9.0'
      react-dom: '>=16.9.0'

  rc-input@1.7.2:
    resolution: {integrity: sha512-g3nYONnl4edWj2FfVoxsU3Ec4XTE+Hb39Kfh2MFxMZjp/0gGyPUgy/v7ZhS27ZxUFNkuIDYXm9PJsLyJbtg86A==}
    peerDependencies:
      react: '>=16.0.0'
      react-dom: '>=16.0.0'

  rc-mentions@2.19.1:
    resolution: {integrity: sha512-KK3bAc/bPFI993J3necmaMXD2reZTzytZdlTvkeBbp50IGH1BDPDvxLdHDUrpQx2b2TGaVJsn+86BvYa03kGqA==}
    peerDependencies:
      react: '>=16.9.0'
      react-dom: '>=16.9.0'

  rc-menu@9.16.0:
    resolution: {integrity: sha512-vAL0yqPkmXWk3+YKRkmIR8TYj3RVdEt3ptG2jCJXWNAvQbT0VJJdRyHZ7kG/l1JsZlB+VJq/VcYOo69VR4oD+w==}
    peerDependencies:
      react: '>=16.9.0'
      react-dom: '>=16.9.0'

  rc-motion@2.9.5:
    resolution: {integrity: sha512-w+XTUrfh7ArbYEd2582uDrEhmBHwK1ZENJiSJVb7uRxdE7qJSYjbO2eksRXmndqyKqKoYPc9ClpPh5242mV1vA==}
    peerDependencies:
      react: '>=16.9.0'
      react-dom: '>=16.9.0'

  rc-notification@5.6.2:
    resolution: {integrity: sha512-Id4IYMoii3zzrG0lB0gD6dPgJx4Iu95Xu0BQrhHIbp7ZnAZbLqdqQ73aIWH0d0UFcElxwaKjnzNovTjo7kXz7g==}
    engines: {node: '>=8.x'}
    peerDependencies:
      react: '>=16.9.0'
      react-dom: '>=16.9.0'

  rc-overflow@1.4.1:
    resolution: {integrity: sha512-3MoPQQPV1uKyOMVNd6SZfONi+f3st0r8PksexIdBTeIYbMX0Jr+k7pHEDvsXtR4BpCv90/Pv2MovVNhktKrwvw==}
    peerDependencies:
      react: '>=16.9.0'
      react-dom: '>=16.9.0'

  rc-pagination@5.0.0:
    resolution: {integrity: sha512-QjrPvbAQwps93iluvFM62AEYglGYhWW2q/nliQqmvkTi4PXP4HHoh00iC1Sa5LLVmtWQHmG73fBi2x6H6vFHRg==}
    peerDependencies:
      react: '>=16.9.0'
      react-dom: '>=16.9.0'

  rc-picker@4.9.2:
    resolution: {integrity: sha512-SLW4PRudODOomipKI0dvykxW4P8LOqtMr17MOaLU6NQJhkh9SZeh44a/8BMxwv5T6e3kiIeYc9k5jFg2Mv35Pg==}
    engines: {node: '>=8.x'}
    peerDependencies:
      date-fns: '>= 2.x'
      dayjs: '>= 1.x'
      luxon: '>= 3.x'
      moment: '>= 2.x'
      react: '>=16.9.0'
      react-dom: '>=16.9.0'
    peerDependenciesMeta:
      date-fns:
        optional: true
      dayjs:
        optional: true
      luxon:
        optional: true
      moment:
        optional: true

  rc-progress@4.0.0:
    resolution: {integrity: sha512-oofVMMafOCokIUIBnZLNcOZFsABaUw8PPrf1/y0ZBvKZNpOiu5h4AO9vv11Sw0p4Hb3D0yGWuEattcQGtNJ/aw==}
    peerDependencies:
      react: '>=16.9.0'
      react-dom: '>=16.9.0'

  rc-rate@2.13.0:
    resolution: {integrity: sha512-oxvx1Q5k5wD30sjN5tqAyWTvJfLNNJn7Oq3IeS4HxWfAiC4BOXMITNAsw7u/fzdtO4MS8Ki8uRLOzcnEuoQiAw==}
    engines: {node: '>=8.x'}
    peerDependencies:
      react: '>=16.9.0'
      react-dom: '>=16.9.0'

  rc-resize-observer@1.4.3:
    resolution: {integrity: sha512-YZLjUbyIWox8E9i9C3Tm7ia+W7euPItNWSPX5sCcQTYbnwDb5uNpnLHQCG1f22oZWUhLw4Mv2tFmeWe68CDQRQ==}
    peerDependencies:
      react: '>=16.9.0'
      react-dom: '>=16.9.0'

  rc-segmented@2.7.0:
    resolution: {integrity: sha512-liijAjXz+KnTRVnxxXG2sYDGd6iLL7VpGGdR8gwoxAXy2KglviKCxLWZdjKYJzYzGSUwKDSTdYk8brj54Bn5BA==}
    peerDependencies:
      react: '>=16.0.0'
      react-dom: '>=16.0.0'

  rc-select@14.16.6:
    resolution: {integrity: sha512-YPMtRPqfZWOm2XGTbx5/YVr1HT0vn//8QS77At0Gjb3Lv+Lbut0IORJPKLWu1hQ3u4GsA0SrDzs7nI8JG7Zmyg==}
    engines: {node: '>=8.x'}
    peerDependencies:
      react: '*'
      react-dom: '*'

  rc-slider@11.1.8:
    resolution: {integrity: sha512-2gg/72YFSpKP+Ja5AjC5DPL1YnV8DEITDQrcc1eASrUYjl0esptaBVJBh5nLTXCCp15eD8EuGjwezVGSHhs9tQ==}
    engines: {node: '>=8.x'}
    peerDependencies:
      react: '>=16.9.0'
      react-dom: '>=16.9.0'

  rc-steps@6.0.1:
    resolution: {integrity: sha512-lKHL+Sny0SeHkQKKDJlAjV5oZ8DwCdS2hFhAkIjuQt1/pB81M0cA0ErVFdHq9+jmPmFw1vJB2F5NBzFXLJxV+g==}
    engines: {node: '>=8.x'}
    peerDependencies:
      react: '>=16.9.0'
      react-dom: '>=16.9.0'

  rc-switch@4.1.0:
    resolution: {integrity: sha512-TI8ufP2Az9oEbvyCeVE4+90PDSljGyuwix3fV58p7HV2o4wBnVToEyomJRVyTaZeqNPAp+vqeo4Wnj5u0ZZQBg==}
    peerDependencies:
      react: '>=16.9.0'
      react-dom: '>=16.9.0'

  rc-table@7.50.2:
    resolution: {integrity: sha512-+nJbzxzstBriLb5sr9U7Vjs7+4dO8cWlouQbMwBVYghk2vr508bBdkHJeP/z9HVjAIKmAgMQKxmtbgDd3gc5wA==}
    engines: {node: '>=8.x'}
    peerDependencies:
      react: '>=16.9.0'
      react-dom: '>=16.9.0'

  rc-tabs@15.5.0:
    resolution: {integrity: sha512-NrDcTaUJLh9UuDdMBkjKTn97U9iXG44s9D03V5NHkhEDWO5/nC6PwC3RhkCWFMKB9hh+ryqgZ+TIr1b9Jd/hnQ==}
    engines: {node: '>=8.x'}
    peerDependencies:
      react: '>=16.9.0'
      react-dom: '>=16.9.0'

  rc-textarea@1.9.0:
    resolution: {integrity: sha512-dQW/Bc/MriPBTugj2Kx9PMS5eXCCGn2cxoIaichjbNvOiARlaHdI99j4DTxLl/V8+PIfW06uFy7kjfUIDDKyxQ==}
    peerDependencies:
      react: '>=16.9.0'
      react-dom: '>=16.9.0'

  rc-tooltip@6.3.2:
    resolution: {integrity: sha512-oA4HZIiZJbUQ5ojigM0y4XtWxaH/aQlJSzknjICRWNpqyemy1sL3X3iEQV2eSPBWEq+bqU3+aSs81z+28j9luA==}
    peerDependencies:
      react: '>=16.9.0'
      react-dom: '>=16.9.0'

  rc-tree-select@5.27.0:
    resolution: {integrity: sha512-2qTBTzwIT7LRI1o7zLyrCzmo5tQanmyGbSaGTIf7sYimCklAToVVfpMC6OAldSKolcnjorBYPNSKQqJmN3TCww==}
    peerDependencies:
      react: '*'
      react-dom: '*'

  rc-tree@5.13.0:
    resolution: {integrity: sha512-2+lFvoVRnvHQ1trlpXMOWtF8BUgF+3TiipG72uOfhpL5CUdXCk931kvDdUkTL/IZVtNEDQKwEEmJbAYJSA5NnA==}
    engines: {node: '>=10.x'}
    peerDependencies:
      react: '*'
      react-dom: '*'

  rc-upload@4.8.1:
    resolution: {integrity: sha512-toEAhwl4hjLAI1u8/CgKWt30BR06ulPa4iGQSMvSXoHzO88gPCslxqV/mnn4gJU7PDoltGIC9Eh+wkeudqgHyw==}
    peerDependencies:
      react: '>=16.9.0'
      react-dom: '>=16.9.0'

  rc-util@5.44.3:
    resolution: {integrity: sha512-q6KCcOFk3rv/zD3MckhJteZxb0VjAIFuf622B7ElK4vfrZdAzs16XR5p3VTdy3+U5jfJU5ACz4QnhLSuAGe5dA==}
    peerDependencies:
      react: '>=16.9.0'
      react-dom: '>=16.9.0'

  rc-virtual-list@3.17.1:
    resolution: {integrity: sha512-n9rKy6BB/Hi/LsOJr9ILpeFxDJfAIYzFYX1famZb0KLQrlsdxNBDsBjBY9lblJ35MTRJwi06ohv5ma9uTUeLog==}
    engines: {node: '>=8.x'}
    peerDependencies:
      react: '>=16.9.0'
      react-dom: '>=16.9.0'

  react-dom@19.0.0:
    resolution: {integrity: sha512-4GV5sHFG0e/0AD4X+ySy6UJd3jVl1iNsNHdpad0qhABJ11twS3TTBnseqsKurKcsNqCEFeGL3uLpVChpIO3QfQ==}
    peerDependencies:
      react: ^19.0.0

  react-is@18.3.1:
    resolution: {integrity: sha512-/LLMVyas0ljjAtoYiPqYiL8VWXzUUdThrmU5+n20DZv+a+ClRoevUzw5JxU+Ieh5/c87ytoTBV9G1FiKfNJdmg==}

  react-refresh@0.16.0:
    resolution: {integrity: sha512-FPvF2XxTSikpJxcr+bHut2H4gJ17+18Uy20D5/F+SKzFap62R3cM5wH6b8WN3LyGSYeQilLEcJcR1fjBSI2S1A==}
    engines: {node: '>=0.10.0'}

  react@19.0.0:
    resolution: {integrity: sha512-V8AVnmPIICiWpGfm6GLzCR/W5FXLchHop40W4nXBmdlEceh16rCN8O8LNWm5bh5XUX91fh7KpA+W0TgMKmgTpQ==}
    engines: {node: '>=0.10.0'}

  regenerator-runtime@0.14.1:
    resolution: {integrity: sha512-dYnhHh0nJoMfnkZs6GmmhFknAGRrLznOu5nc9ML+EJxGvrx6H7teuevqVqCuPcPK//3eDrrjQhehXVx9cnkGdw==}

  resize-observer-polyfill@1.5.1:
    resolution: {integrity: sha512-LwZrotdHOo12nQuZlHEmtuXdqGoOD0OhaxopaNFxWzInpEgaLWoVuAMbTzixuosCx2nEG58ngzW3vxdWoxIgdg==}

  scheduler@0.25.0:
    resolution: {integrity: sha512-xFVuu11jh+xcO7JOAGJNOXld8/TcEHK/4CituBUeUb5hqxJLj9YuemAEuvm9gQ/+pgXYfbQuqAkiYu+u7YEsNA==}

  scroll-into-view-if-needed@3.1.0:
    resolution: {integrity: sha512-49oNpRjWRvnU8NyGVmUaYG4jtTkNonFZI86MmGRDqBphEK2EXT9gdEUoQPZhuBM8yWHxCWbobltqYO5M4XrUvQ==}

  stackframe@1.3.4:
    resolution: {integrity: sha512-oeVtt7eWQS+Na6F//S4kJ2K2VbRlS9D43mAlMyVpVWovy9o+jfgH8O9agzANzaiLjclA0oYzUXEM4PurhSUChw==}

  string-convert@0.2.1:
    resolution: {integrity: sha512-u/1tdPl4yQnPBjnVrmdLo9gtuLvELKsAoRapekWggdiQNvvvum+jYF329d84NAa660KQw7pB2n36KrIKVoXa3A==}

  stylis@4.3.5:
    resolution: {integrity: sha512-K7npNOKGRYuhAFFzkzMGfxFDpN6gDwf8hcMiE+uveTVbBgm93HrNP3ZDUpKqzZ4pG7TP6fmb+EMAQPjq9FqqvA==}

  throttle-debounce@5.0.2:
    resolution: {integrity: sha512-B71/4oyj61iNH0KeCamLuE2rmKuTO5byTOSVwECM5FA7TiAiAW+UqTKZ9ERueC4qvgSttUhdmq1mXC3kJqGX7A==}
    engines: {node: '>=12.22'}

  toggle-selection@1.0.6:
    resolution: {integrity: sha512-BiZS+C1OS8g/q2RRbJmy59xpyghNBqrr6k5L/uKBGRsTfxmu3ffiRnd8mlGPUVayg8pvfi5urfnu8TU7DVOkLQ==}

  tslib@2.8.1:
    resolution: {integrity: sha512-oJFu94HQb+KVduSUQL7wnpmqnfmLsOA/nAh6b6EH0wCEoK0/mPeXU6c3wKDV83MkOuHPRHtSXKKU99IBazS/2w==}

  typescript@5.7.3:
    resolution: {integrity: sha512-84MVSjMEHP+FQRPy3pX9sTVV/INIex71s9TL2Gm5FG/WG1SqXeKyZ0k7/blY/4FdOzI12CBy1vGc4og/eus0fw==}
    engines: {node: '>=14.17'}
    hasBin: true

snapshots:

  '@ant-design/colors@7.2.0':
    dependencies:
      '@ant-design/fast-color': 2.0.6

  '@ant-design/cssinjs-utils@1.1.3(react-dom@19.0.0(react@19.0.0))(react@19.0.0)':
    dependencies:
      '@ant-design/cssinjs': 1.22.1(react-dom@19.0.0(react@19.0.0))(react@19.0.0)
      '@babel/runtime': 7.26.0
      rc-util: 5.44.3(react-dom@19.0.0(react@19.0.0))(react@19.0.0)
      react: 19.0.0
      react-dom: 19.0.0(react@19.0.0)

  '@ant-design/cssinjs@1.22.1(react-dom@19.0.0(react@19.0.0))(react@19.0.0)':
    dependencies:
      '@babel/runtime': 7.26.0
      '@emotion/hash': 0.8.0
      '@emotion/unitless': 0.7.5
      classnames: 2.5.1
      csstype: 3.1.3
      rc-util: 5.44.3(react-dom@19.0.0(react@19.0.0))(react@19.0.0)
      react: 19.0.0
      react-dom: 19.0.0(react@19.0.0)
      stylis: 4.3.5

  '@ant-design/fast-color@2.0.6':
    dependencies:
      '@babel/runtime': 7.26.0

  '@ant-design/icons-svg@4.4.2': {}

  '@ant-design/icons@5.5.2(react-dom@19.0.0(react@19.0.0))(react@19.0.0)':
    dependencies:
      '@ant-design/colors': 7.2.0
      '@ant-design/icons-svg': 4.4.2
      '@babel/runtime': 7.26.0
      classnames: 2.5.1
      rc-util: 5.44.3(react-dom@19.0.0(react@19.0.0))(react@19.0.0)
      react: 19.0.0
      react-dom: 19.0.0(react@19.0.0)

  '@ant-design/react-slick@1.1.2(react@19.0.0)':
    dependencies:
      '@babel/runtime': 7.26.0
      classnames: 2.5.1
      json2mq: 0.2.0
      react: 19.0.0
      resize-observer-polyfill: 1.5.1
      throttle-debounce: 5.0.2

  '@babel/runtime@7.26.0':
    dependencies:
      regenerator-runtime: 0.14.1

  '@emotion/hash@0.8.0': {}

  '@emotion/unitless@0.7.5': {}

  '@module-federation/runtime-tools@0.5.1':
    dependencies:
      '@module-federation/runtime': 0.5.1
      '@module-federation/webpack-bundler-runtime': 0.5.1

  '@module-federation/runtime@0.5.1':
    dependencies:
      '@module-federation/sdk': 0.5.1

  '@module-federation/sdk@0.5.1': {}

  '@module-federation/webpack-bundler-runtime@0.5.1':
    dependencies:
      '@module-federation/runtime': 0.5.1
      '@module-federation/sdk': 0.5.1

  '@rc-component/async-validator@5.0.4':
    dependencies:
      '@babel/runtime': 7.26.0

  '@rc-component/color-picker@2.0.1(react-dom@19.0.0(react@19.0.0))(react@19.0.0)':
    dependencies:
      '@ant-design/fast-color': 2.0.6
      '@babel/runtime': 7.26.0
      classnames: 2.5.1
      rc-util: 5.44.3(react-dom@19.0.0(react@19.0.0))(react@19.0.0)
      react: 19.0.0
      react-dom: 19.0.0(react@19.0.0)

  '@rc-component/context@1.4.0(react-dom@19.0.0(react@19.0.0))(react@19.0.0)':
    dependencies:
      '@babel/runtime': 7.26.0
      rc-util: 5.44.3(react-dom@19.0.0(react@19.0.0))(react@19.0.0)
      react: 19.0.0
      react-dom: 19.0.0(react@19.0.0)

  '@rc-component/mini-decimal@1.1.0':
    dependencies:
      '@babel/runtime': 7.26.0

  '@rc-component/mutate-observer@1.1.0(react-dom@19.0.0(react@19.0.0))(react@19.0.0)':
    dependencies:
      '@babel/runtime': 7.26.0
      classnames: 2.5.1
      rc-util: 5.44.3(react-dom@19.0.0(react@19.0.0))(react@19.0.0)
      react: 19.0.0
      react-dom: 19.0.0(react@19.0.0)

  '@rc-component/portal@1.1.2(react-dom@19.0.0(react@19.0.0))(react@19.0.0)':
    dependencies:
      '@babel/runtime': 7.26.0
      classnames: 2.5.1
      rc-util: 5.44.3(react-dom@19.0.0(react@19.0.0))(react@19.0.0)
      react: 19.0.0
      react-dom: 19.0.0(react@19.0.0)

  '@rc-component/qrcode@1.0.0(react-dom@19.0.0(react@19.0.0))(react@19.0.0)':
    dependencies:
      '@babel/runtime': 7.26.0
      classnames: 2.5.1
      rc-util: 5.44.3(react-dom@19.0.0(react@19.0.0))(react@19.0.0)
      react: 19.0.0
      react-dom: 19.0.0(react@19.0.0)

  '@rc-component/tour@1.15.1(react-dom@19.0.0(react@19.0.0))(react@19.0.0)':
    dependencies:
      '@babel/runtime': 7.26.0
      '@rc-component/portal': 1.1.2(react-dom@19.0.0(react@19.0.0))(react@19.0.0)
      '@rc-component/trigger': 2.2.6(react-dom@19.0.0(react@19.0.0))(react@19.0.0)
      classnames: 2.5.1
      rc-util: 5.44.3(react-dom@19.0.0(react@19.0.0))(react@19.0.0)
      react: 19.0.0
      react-dom: 19.0.0(react@19.0.0)

  '@rc-component/trigger@2.2.6(react-dom@19.0.0(react@19.0.0))(react@19.0.0)':
    dependencies:
      '@babel/runtime': 7.26.0
      '@rc-component/portal': 1.1.2(react-dom@19.0.0(react@19.0.0))(react@19.0.0)
      classnames: 2.5.1
      rc-motion: 2.9.5(react-dom@19.0.0(react@19.0.0))(react@19.0.0)
      rc-resize-observer: 1.4.3(react-dom@19.0.0(react@19.0.0))(react@19.0.0)
      rc-util: 5.44.3(react-dom@19.0.0(react@19.0.0))(react@19.0.0)
      react: 19.0.0
      react-dom: 19.0.0(react@19.0.0)

  '@rsbuild/core@1.1.13':
    dependencies:
      '@rspack/core': 1.1.8(@swc/helpers@0.5.15)
      '@rspack/lite-tapable': 1.0.1
      '@swc/helpers': 0.5.15
      core-js: 3.39.0

  '@rsbuild/plugin-react@1.1.0(@rsbuild/core@1.1.13)':
    dependencies:
      '@rsbuild/core': 1.1.13
      '@rspack/plugin-react-refresh': 1.0.1(react-refresh@0.16.0)
      react-refresh: 0.16.0

  '@rspack/binding-darwin-arm64@1.1.8':
    optional: true

  '@rspack/binding-darwin-x64@1.1.8':
    optional: true

  '@rspack/binding-linux-arm64-gnu@1.1.8':
    optional: true

  '@rspack/binding-linux-arm64-musl@1.1.8':
    optional: true

  '@rspack/binding-linux-x64-gnu@1.1.8':
    optional: true

  '@rspack/binding-linux-x64-musl@1.1.8':
    optional: true

  '@rspack/binding-win32-arm64-msvc@1.1.8':
    optional: true

  '@rspack/binding-win32-ia32-msvc@1.1.8':
    optional: true

  '@rspack/binding-win32-x64-msvc@1.1.8':
    optional: true

  '@rspack/binding@1.1.8':
    optionalDependencies:
      '@rspack/binding-darwin-arm64': 1.1.8
      '@rspack/binding-darwin-x64': 1.1.8
      '@rspack/binding-linux-arm64-gnu': 1.1.8
      '@rspack/binding-linux-arm64-musl': 1.1.8
      '@rspack/binding-linux-x64-gnu': 1.1.8
      '@rspack/binding-linux-x64-musl': 1.1.8
      '@rspack/binding-win32-arm64-msvc': 1.1.8
      '@rspack/binding-win32-ia32-msvc': 1.1.8
      '@rspack/binding-win32-x64-msvc': 1.1.8

  '@rspack/core@1.1.8(@swc/helpers@0.5.15)':
    dependencies:
      '@module-federation/runtime-tools': 0.5.1
      '@rspack/binding': 1.1.8
      '@rspack/lite-tapable': 1.0.1
      caniuse-lite: 1.0.30001692
    optionalDependencies:
      '@swc/helpers': 0.5.15

  '@rspack/lite-tapable@1.0.1': {}

  '@rspack/plugin-react-refresh@1.0.1(react-refresh@0.16.0)':
    dependencies:
      error-stack-parser: 2.1.4
      html-entities: 2.5.2
    optionalDependencies:
      react-refresh: 0.16.0

  '@swc/helpers@0.5.15':
    dependencies:
      tslib: 2.8.1

  '@types/react-dom@19.0.3(@types/react@19.0.7)':
    dependencies:
      '@types/react': 19.0.7

  '@types/react@19.0.7':
    dependencies:
      csstype: 3.1.3

  antd@5.23.1(react-dom@19.0.0(react@19.0.0))(react@19.0.0):
    dependencies:
      '@ant-design/colors': 7.2.0
      '@ant-design/cssinjs': 1.22.1(react-dom@19.0.0(react@19.0.0))(react@19.0.0)
      '@ant-design/cssinjs-utils': 1.1.3(react-dom@19.0.0(react@19.0.0))(react@19.0.0)
      '@ant-design/fast-color': 2.0.6
      '@ant-design/icons': 5.5.2(react-dom@19.0.0(react@19.0.0))(react@19.0.0)
      '@ant-design/react-slick': 1.1.2(react@19.0.0)
      '@babel/runtime': 7.26.0
      '@rc-component/color-picker': 2.0.1(react-dom@19.0.0(react@19.0.0))(react@19.0.0)
      '@rc-component/mutate-observer': 1.1.0(react-dom@19.0.0(react@19.0.0))(react@19.0.0)
      '@rc-component/qrcode': 1.0.0(react-dom@19.0.0(react@19.0.0))(react@19.0.0)
      '@rc-component/tour': 1.15.1(react-dom@19.0.0(react@19.0.0))(react@19.0.0)
      '@rc-component/trigger': 2.2.6(react-dom@19.0.0(react@19.0.0))(react@19.0.0)
      classnames: 2.5.1
      copy-to-clipboard: 3.3.3
      dayjs: 1.11.13
      rc-cascader: 3.33.0(react-dom@19.0.0(react@19.0.0))(react@19.0.0)
      rc-checkbox: 3.5.0(react-dom@19.0.0(react@19.0.0))(react@19.0.0)
      rc-collapse: 3.9.0(react-dom@19.0.0(react@19.0.0))(react@19.0.0)
      rc-dialog: 9.6.0(react-dom@19.0.0(react@19.0.0))(react@19.0.0)
      rc-drawer: 7.2.0(react-dom@19.0.0(react@19.0.0))(react@19.0.0)
      rc-dropdown: 4.2.1(react-dom@19.0.0(react@19.0.0))(react@19.0.0)
      rc-field-form: 2.7.0(react-dom@19.0.0(react@19.0.0))(react@19.0.0)
      rc-image: 7.11.0(react-dom@19.0.0(react@19.0.0))(react@19.0.0)
      rc-input: 1.7.2(react-dom@19.0.0(react@19.0.0))(react@19.0.0)
      rc-input-number: 9.4.0(react-dom@19.0.0(react@19.0.0))(react@19.0.0)
      rc-mentions: 2.19.1(react-dom@19.0.0(react@19.0.0))(react@19.0.0)
      rc-menu: 9.16.0(react-dom@19.0.0(react@19.0.0))(react@19.0.0)
      rc-motion: 2.9.5(react-dom@19.0.0(react@19.0.0))(react@19.0.0)
      rc-notification: 5.6.2(react-dom@19.0.0(react@19.0.0))(react@19.0.0)
      rc-pagination: 5.0.0(react-dom@19.0.0(react@19.0.0))(react@19.0.0)
      rc-picker: 4.9.2(dayjs@1.11.13)(react-dom@19.0.0(react@19.0.0))(react@19.0.0)
      rc-progress: 4.0.0(react-dom@19.0.0(react@19.0.0))(react@19.0.0)
      rc-rate: 2.13.0(react-dom@19.0.0(react@19.0.0))(react@19.0.0)
      rc-resize-observer: 1.4.3(react-dom@19.0.0(react@19.0.0))(react@19.0.0)
      rc-segmented: 2.7.0(react-dom@19.0.0(react@19.0.0))(react@19.0.0)
      rc-select: 14.16.6(react-dom@19.0.0(react@19.0.0))(react@19.0.0)
      rc-slider: 11.1.8(react-dom@19.0.0(react@19.0.0))(react@19.0.0)
      rc-steps: 6.0.1(react-dom@19.0.0(react@19.0.0))(react@19.0.0)
      rc-switch: 4.1.0(react-dom@19.0.0(react@19.0.0))(react@19.0.0)
      rc-table: 7.50.2(react-dom@19.0.0(react@19.0.0))(react@19.0.0)
      rc-tabs: 15.5.0(react-dom@19.0.0(react@19.0.0))(react@19.0.0)
      rc-textarea: 1.9.0(react-dom@19.0.0(react@19.0.0))(react@19.0.0)
      rc-tooltip: 6.3.2(react-dom@19.0.0(react@19.0.0))(react@19.0.0)
      rc-tree: 5.13.0(react-dom@19.0.0(react@19.0.0))(react@19.0.0)
      rc-tree-select: 5.27.0(react-dom@19.0.0(react@19.0.0))(react@19.0.0)
      rc-upload: 4.8.1(react-dom@19.0.0(react@19.0.0))(react@19.0.0)
      rc-util: 5.44.3(react-dom@19.0.0(react@19.0.0))(react@19.0.0)
      react: 19.0.0
      react-dom: 19.0.0(react@19.0.0)
      scroll-into-view-if-needed: 3.1.0
      throttle-debounce: 5.0.2
    transitivePeerDependencies:
      - date-fns
      - luxon
      - moment

  caniuse-lite@1.0.30001692: {}

  classnames@2.5.1: {}

  compute-scroll-into-view@3.1.1: {}

  copy-to-clipboard@3.3.3:
    dependencies:
      toggle-selection: 1.0.6

  core-js@3.39.0: {}

  csstype@3.1.3: {}

  dayjs@1.11.13: {}

  error-stack-parser@2.1.4:
    dependencies:
      stackframe: 1.3.4

  html-entities@2.5.2: {}

  immer@10.1.1: {}

  json2mq@0.2.0:
    dependencies:
      string-convert: 0.2.1

  rc-cascader@3.33.0(react-dom@19.0.0(react@19.0.0))(react@19.0.0):
    dependencies:
      '@babel/runtime': 7.26.0
      classnames: 2.5.1
      rc-select: 14.16.6(react-dom@19.0.0(react@19.0.0))(react@19.0.0)
      rc-tree: 5.13.0(react-dom@19.0.0(react@19.0.0))(react@19.0.0)
      rc-util: 5.44.3(react-dom@19.0.0(react@19.0.0))(react@19.0.0)
      react: 19.0.0
      react-dom: 19.0.0(react@19.0.0)

  rc-checkbox@3.5.0(react-dom@19.0.0(react@19.0.0))(react@19.0.0):
    dependencies:
      '@babel/runtime': 7.26.0
      classnames: 2.5.1
      rc-util: 5.44.3(react-dom@19.0.0(react@19.0.0))(react@19.0.0)
      react: 19.0.0
      react-dom: 19.0.0(react@19.0.0)

  rc-collapse@3.9.0(react-dom@19.0.0(react@19.0.0))(react@19.0.0):
    dependencies:
      '@babel/runtime': 7.26.0
      classnames: 2.5.1
      rc-motion: 2.9.5(react-dom@19.0.0(react@19.0.0))(react@19.0.0)
      rc-util: 5.44.3(react-dom@19.0.0(react@19.0.0))(react@19.0.0)
      react: 19.0.0
      react-dom: 19.0.0(react@19.0.0)

  rc-dialog@9.6.0(react-dom@19.0.0(react@19.0.0))(react@19.0.0):
    dependencies:
      '@babel/runtime': 7.26.0
      '@rc-component/portal': 1.1.2(react-dom@19.0.0(react@19.0.0))(react@19.0.0)
      classnames: 2.5.1
      rc-motion: 2.9.5(react-dom@19.0.0(react@19.0.0))(react@19.0.0)
      rc-util: 5.44.3(react-dom@19.0.0(react@19.0.0))(react@19.0.0)
      react: 19.0.0
      react-dom: 19.0.0(react@19.0.0)

  rc-drawer@7.2.0(react-dom@19.0.0(react@19.0.0))(react@19.0.0):
    dependencies:
      '@babel/runtime': 7.26.0
      '@rc-component/portal': 1.1.2(react-dom@19.0.0(react@19.0.0))(react@19.0.0)
      classnames: 2.5.1
      rc-motion: 2.9.5(react-dom@19.0.0(react@19.0.0))(react@19.0.0)
      rc-util: 5.44.3(react-dom@19.0.0(react@19.0.0))(react@19.0.0)
      react: 19.0.0
      react-dom: 19.0.0(react@19.0.0)

  rc-dropdown@4.2.1(react-dom@19.0.0(react@19.0.0))(react@19.0.0):
    dependencies:
      '@babel/runtime': 7.26.0
      '@rc-component/trigger': 2.2.6(react-dom@19.0.0(react@19.0.0))(react@19.0.0)
      classnames: 2.5.1
      rc-util: 5.44.3(react-dom@19.0.0(react@19.0.0))(react@19.0.0)
      react: 19.0.0
      react-dom: 19.0.0(react@19.0.0)

  rc-field-form@2.7.0(react-dom@19.0.0(react@19.0.0))(react@19.0.0):
    dependencies:
      '@babel/runtime': 7.26.0
      '@rc-component/async-validator': 5.0.4
      rc-util: 5.44.3(react-dom@19.0.0(react@19.0.0))(react@19.0.0)
      react: 19.0.0
      react-dom: 19.0.0(react@19.0.0)

  rc-image@7.11.0(react-dom@19.0.0(react@19.0.0))(react@19.0.0):
    dependencies:
      '@babel/runtime': 7.26.0
      '@rc-component/portal': 1.1.2(react-dom@19.0.0(react@19.0.0))(react@19.0.0)
      classnames: 2.5.1
      rc-dialog: 9.6.0(react-dom@19.0.0(react@19.0.0))(react@19.0.0)
      rc-motion: 2.9.5(react-dom@19.0.0(react@19.0.0))(react@19.0.0)
      rc-util: 5.44.3(react-dom@19.0.0(react@19.0.0))(react@19.0.0)
      react: 19.0.0
      react-dom: 19.0.0(react@19.0.0)

  rc-input-number@9.4.0(react-dom@19.0.0(react@19.0.0))(react@19.0.0):
    dependencies:
      '@babel/runtime': 7.26.0
      '@rc-component/mini-decimal': 1.1.0
      classnames: 2.5.1
      rc-input: 1.7.2(react-dom@19.0.0(react@19.0.0))(react@19.0.0)
      rc-util: 5.44.3(react-dom@19.0.0(react@19.0.0))(react@19.0.0)
      react: 19.0.0
      react-dom: 19.0.0(react@19.0.0)

  rc-input@1.7.2(react-dom@19.0.0(react@19.0.0))(react@19.0.0):
    dependencies:
      '@babel/runtime': 7.26.0
      classnames: 2.5.1
      rc-util: 5.44.3(react-dom@19.0.0(react@19.0.0))(react@19.0.0)
      react: 19.0.0
      react-dom: 19.0.0(react@19.0.0)

  rc-mentions@2.19.1(react-dom@19.0.0(react@19.0.0))(react@19.0.0):
    dependencies:
      '@babel/runtime': 7.26.0
      '@rc-component/trigger': 2.2.6(react-dom@19.0.0(react@19.0.0))(react@19.0.0)
      classnames: 2.5.1
      rc-input: 1.7.2(react-dom@19.0.0(react@19.0.0))(react@19.0.0)
      rc-menu: 9.16.0(react-dom@19.0.0(react@19.0.0))(react@19.0.0)
      rc-textarea: 1.9.0(react-dom@19.0.0(react@19.0.0))(react@19.0.0)
      rc-util: 5.44.3(react-dom@19.0.0(react@19.0.0))(react@19.0.0)
      react: 19.0.0
      react-dom: 19.0.0(react@19.0.0)

  rc-menu@9.16.0(react-dom@19.0.0(react@19.0.0))(react@19.0.0):
    dependencies:
      '@babel/runtime': 7.26.0
      '@rc-component/trigger': 2.2.6(react-dom@19.0.0(react@19.0.0))(react@19.0.0)
      classnames: 2.5.1
      rc-motion: 2.9.5(react-dom@19.0.0(react@19.0.0))(react@19.0.0)
      rc-overflow: 1.4.1(react-dom@19.0.0(react@19.0.0))(react@19.0.0)
      rc-util: 5.44.3(react-dom@19.0.0(react@19.0.0))(react@19.0.0)
      react: 19.0.0
      react-dom: 19.0.0(react@19.0.0)

  rc-motion@2.9.5(react-dom@19.0.0(react@19.0.0))(react@19.0.0):
    dependencies:
      '@babel/runtime': 7.26.0
      classnames: 2.5.1
      rc-util: 5.44.3(react-dom@19.0.0(react@19.0.0))(react@19.0.0)
      react: 19.0.0
      react-dom: 19.0.0(react@19.0.0)

  rc-notification@5.6.2(react-dom@19.0.0(react@19.0.0))(react@19.0.0):
    dependencies:
      '@babel/runtime': 7.26.0
      classnames: 2.5.1
      rc-motion: 2.9.5(react-dom@19.0.0(react@19.0.0))(react@19.0.0)
      rc-util: 5.44.3(react-dom@19.0.0(react@19.0.0))(react@19.0.0)
      react: 19.0.0
      react-dom: 19.0.0(react@19.0.0)

  rc-overflow@1.4.1(react-dom@19.0.0(react@19.0.0))(react@19.0.0):
    dependencies:
      '@babel/runtime': 7.26.0
      classnames: 2.5.1
      rc-resize-observer: 1.4.3(react-dom@19.0.0(react@19.0.0))(react@19.0.0)
      rc-util: 5.44.3(react-dom@19.0.0(react@19.0.0))(react@19.0.0)
      react: 19.0.0
      react-dom: 19.0.0(react@19.0.0)

  rc-pagination@5.0.0(react-dom@19.0.0(react@19.0.0))(react@19.0.0):
    dependencies:
      '@babel/runtime': 7.26.0
      classnames: 2.5.1
      rc-util: 5.44.3(react-dom@19.0.0(react@19.0.0))(react@19.0.0)
      react: 19.0.0
      react-dom: 19.0.0(react@19.0.0)

  rc-picker@4.9.2(dayjs@1.11.13)(react-dom@19.0.0(react@19.0.0))(react@19.0.0):
    dependencies:
      '@babel/runtime': 7.26.0
      '@rc-component/trigger': 2.2.6(react-dom@19.0.0(react@19.0.0))(react@19.0.0)
      classnames: 2.5.1
      rc-overflow: 1.4.1(react-dom@19.0.0(react@19.0.0))(react@19.0.0)
      rc-resize-observer: 1.4.3(react-dom@19.0.0(react@19.0.0))(react@19.0.0)
      rc-util: 5.44.3(react-dom@19.0.0(react@19.0.0))(react@19.0.0)
      react: 19.0.0
      react-dom: 19.0.0(react@19.0.0)
    optionalDependencies:
      dayjs: 1.11.13

  rc-progress@4.0.0(react-dom@19.0.0(react@19.0.0))(react@19.0.0):
    dependencies:
      '@babel/runtime': 7.26.0
      classnames: 2.5.1
      rc-util: 5.44.3(react-dom@19.0.0(react@19.0.0))(react@19.0.0)
      react: 19.0.0
      react-dom: 19.0.0(react@19.0.0)

  rc-rate@2.13.0(react-dom@19.0.0(react@19.0.0))(react@19.0.0):
    dependencies:
      '@babel/runtime': 7.26.0
      classnames: 2.5.1
      rc-util: 5.44.3(react-dom@19.0.0(react@19.0.0))(react@19.0.0)
      react: 19.0.0
      react-dom: 19.0.0(react@19.0.0)

  rc-resize-observer@1.4.3(react-dom@19.0.0(react@19.0.0))(react@19.0.0):
    dependencies:
      '@babel/runtime': 7.26.0
      classnames: 2.5.1
      rc-util: 5.44.3(react-dom@19.0.0(react@19.0.0))(react@19.0.0)
      react: 19.0.0
      react-dom: 19.0.0(react@19.0.0)
      resize-observer-polyfill: 1.5.1

  rc-segmented@2.7.0(react-dom@19.0.0(react@19.0.0))(react@19.0.0):
    dependencies:
      '@babel/runtime': 7.26.0
      classnames: 2.5.1
      rc-motion: 2.9.5(react-dom@19.0.0(react@19.0.0))(react@19.0.0)
      rc-util: 5.44.3(react-dom@19.0.0(react@19.0.0))(react@19.0.0)
      react: 19.0.0
      react-dom: 19.0.0(react@19.0.0)

  rc-select@14.16.6(react-dom@19.0.0(react@19.0.0))(react@19.0.0):
    dependencies:
      '@babel/runtime': 7.26.0
      '@rc-component/trigger': 2.2.6(react-dom@19.0.0(react@19.0.0))(react@19.0.0)
      classnames: 2.5.1
      rc-motion: 2.9.5(react-dom@19.0.0(react@19.0.0))(react@19.0.0)
      rc-overflow: 1.4.1(react-dom@19.0.0(react@19.0.0))(react@19.0.0)
      rc-util: 5.44.3(react-dom@19.0.0(react@19.0.0))(react@19.0.0)
      rc-virtual-list: 3.17.1(react-dom@19.0.0(react@19.0.0))(react@19.0.0)
      react: 19.0.0
      react-dom: 19.0.0(react@19.0.0)

  rc-slider@11.1.8(react-dom@19.0.0(react@19.0.0))(react@19.0.0):
    dependencies:
      '@babel/runtime': 7.26.0
      classnames: 2.5.1
      rc-util: 5.44.3(react-dom@19.0.0(react@19.0.0))(react@19.0.0)
      react: 19.0.0
      react-dom: 19.0.0(react@19.0.0)

  rc-steps@6.0.1(react-dom@19.0.0(react@19.0.0))(react@19.0.0):
    dependencies:
      '@babel/runtime': 7.26.0
      classnames: 2.5.1
      rc-util: 5.44.3(react-dom@19.0.0(react@19.0.0))(react@19.0.0)
      react: 19.0.0
      react-dom: 19.0.0(react@19.0.0)

  rc-switch@4.1.0(react-dom@19.0.0(react@19.0.0))(react@19.0.0):
    dependencies:
      '@babel/runtime': 7.26.0
      classnames: 2.5.1
      rc-util: 5.44.3(react-dom@19.0.0(react@19.0.0))(react@19.0.0)
      react: 19.0.0
      react-dom: 19.0.0(react@19.0.0)

  rc-table@7.50.2(react-dom@19.0.0(react@19.0.0))(react@19.0.0):
    dependencies:
      '@babel/runtime': 7.26.0
      '@rc-component/context': 1.4.0(react-dom@19.0.0(react@19.0.0))(react@19.0.0)
      classnames: 2.5.1
      rc-resize-observer: 1.4.3(react-dom@19.0.0(react@19.0.0))(react@19.0.0)
      rc-util: 5.44.3(react-dom@19.0.0(react@19.0.0))(react@19.0.0)
      rc-virtual-list: 3.17.1(react-dom@19.0.0(react@19.0.0))(react@19.0.0)
      react: 19.0.0
      react-dom: 19.0.0(react@19.0.0)

  rc-tabs@15.5.0(react-dom@19.0.0(react@19.0.0))(react@19.0.0):
    dependencies:
      '@babel/runtime': 7.26.0
      classnames: 2.5.1
      rc-dropdown: 4.2.1(react-dom@19.0.0(react@19.0.0))(react@19.0.0)
      rc-menu: 9.16.0(react-dom@19.0.0(react@19.0.0))(react@19.0.0)
      rc-motion: 2.9.5(react-dom@19.0.0(react@19.0.0))(react@19.0.0)
      rc-resize-observer: 1.4.3(react-dom@19.0.0(react@19.0.0))(react@19.0.0)
      rc-util: 5.44.3(react-dom@19.0.0(react@19.0.0))(react@19.0.0)
      react: 19.0.0
      react-dom: 19.0.0(react@19.0.0)

  rc-textarea@1.9.0(react-dom@19.0.0(react@19.0.0))(react@19.0.0):
    dependencies:
      '@babel/runtime': 7.26.0
      classnames: 2.5.1
      rc-input: 1.7.2(react-dom@19.0.0(react@19.0.0))(react@19.0.0)
      rc-resize-observer: 1.4.3(react-dom@19.0.0(react@19.0.0))(react@19.0.0)
      rc-util: 5.44.3(react-dom@19.0.0(react@19.0.0))(react@19.0.0)
      react: 19.0.0
      react-dom: 19.0.0(react@19.0.0)

  rc-tooltip@6.3.2(react-dom@19.0.0(react@19.0.0))(react@19.0.0):
    dependencies:
      '@babel/runtime': 7.26.0
      '@rc-component/trigger': 2.2.6(react-dom@19.0.0(react@19.0.0))(react@19.0.0)
      classnames: 2.5.1
      react: 19.0.0
      react-dom: 19.0.0(react@19.0.0)

  rc-tree-select@5.27.0(react-dom@19.0.0(react@19.0.0))(react@19.0.0):
    dependencies:
      '@babel/runtime': 7.26.0
      classnames: 2.5.1
      rc-select: 14.16.6(react-dom@19.0.0(react@19.0.0))(react@19.0.0)
      rc-tree: 5.13.0(react-dom@19.0.0(react@19.0.0))(react@19.0.0)
      rc-util: 5.44.3(react-dom@19.0.0(react@19.0.0))(react@19.0.0)
      react: 19.0.0
      react-dom: 19.0.0(react@19.0.0)

  rc-tree@5.13.0(react-dom@19.0.0(react@19.0.0))(react@19.0.0):
    dependencies:
      '@babel/runtime': 7.26.0
      classnames: 2.5.1
      rc-motion: 2.9.5(react-dom@19.0.0(react@19.0.0))(react@19.0.0)
      rc-util: 5.44.3(react-dom@19.0.0(react@19.0.0))(react@19.0.0)
      rc-virtual-list: 3.17.1(react-dom@19.0.0(react@19.0.0))(react@19.0.0)
      react: 19.0.0
      react-dom: 19.0.0(react@19.0.0)

  rc-upload@4.8.1(react-dom@19.0.0(react@19.0.0))(react@19.0.0):
    dependencies:
      '@babel/runtime': 7.26.0
      classnames: 2.5.1
      rc-util: 5.44.3(react-dom@19.0.0(react@19.0.0))(react@19.0.0)
      react: 19.0.0
      react-dom: 19.0.0(react@19.0.0)

  rc-util@5.44.3(react-dom@19.0.0(react@19.0.0))(react@19.0.0):
    dependencies:
      '@babel/runtime': 7.26.0
      react: 19.0.0
      react-dom: 19.0.0(react@19.0.0)
      react-is: 18.3.1

  rc-virtual-list@3.17.1(react-dom@19.0.0(react@19.0.0))(react@19.0.0):
    dependencies:
      '@babel/runtime': 7.26.0
      classnames: 2.5.1
      rc-resize-observer: 1.4.3(react-dom@19.0.0(react@19.0.0))(react@19.0.0)
      rc-util: 5.44.3(react-dom@19.0.0(react@19.0.0))(react@19.0.0)
      react: 19.0.0
      react-dom: 19.0.0(react@19.0.0)

  react-dom@19.0.0(react@19.0.0):
    dependencies:
      react: 19.0.0
      scheduler: 0.25.0

  react-is@18.3.1: {}

  react-refresh@0.16.0: {}

  react@19.0.0: {}

  regenerator-runtime@0.14.1: {}

  resize-observer-polyfill@1.5.1: {}

  scheduler@0.25.0: {}

  scroll-into-view-if-needed@3.1.0:
    dependencies:
      compute-scroll-into-view: 3.1.1

  stackframe@1.3.4: {}

  string-convert@0.2.1: {}

  stylis@4.3.5: {}

  throttle-debounce@5.0.2: {}

  toggle-selection@1.0.6: {}

  tslib@2.8.1: {}

  typescript@5.7.3: {}
